
Microsoft Visual Studio Solution File, Format Version 12.00
# Visual Studio 15
VisualStudioVersion = 15.0.27428.2002
MinimumVisualStudioVersion = 10.0.40219.1
Project("{FAE04EC0-301F-11D3-BF4B-00C04F79EFBC}") = "KEEPER.K3.App", "KEEPER.K3.App\KEEPER.K3.App.csproj", "{382D8FD0-54C2-4B10-9896-932F7486E3FD}"
EndProject
Project("{FAE04EC0-301F-11D3-BF4B-00C04F79EFBC}") = "KEEPER.K3.CRM.Contracts", "KEEPER.K3.CRM.Contracts\KEEPER.K3.CRM.Contracts.csproj", "{3C28812A-E250-4187-AB5D-703A45CFE654}"
EndProject
Project("{FAE04EC0-301F-11D3-BF4B-00C04F79EFBC}") = "KEEPER.K3.CRM.CRMServiceHelper", "KEEPER.K3.CRM.CRMServiceHelper\KEEPER.K3.CRM.CRMServiceHelper.csproj", "{FFCC9DBB-DD17-4567-A405-1D02D97D816E}"
EndProject
Project("{FAE04EC0-301F-11D3-BF4B-00C04F79EFBC}") = "KEEPER.K3.CRM.Core", "KEEPER.K3.CRM.Core\KEEPER.K3.CRM.Core.csproj", "{0DF3CEE0-DD46-4BF2-96D8-4C8115D48ED2}"
EndProject
Project("{2150E333-8FDC-42A3-9474-1A3956D46DE8}") = "PlugIn", "PlugIn", "{C4EA44A3-1D09-42BD-8FF3-23A0CED7F4B2}"
EndProject
Project("{2150E333-8FDC-42A3-9474-1A3956D46DE8}") = "BusinessPlugIn", "BusinessPlugIn", "{5584D9D2-1144-4BC9-A14C-0E91C5A2AB4F}"
EndProject
Project("{2150E333-8FDC-42A3-9474-1A3956D46DE8}") = "ServicePlugIn", "ServicePlugIn", "{B42641F3-99DC-44A5-9227-B19879181BFC}"
EndProject
Project("{2150E333-8FDC-42A3-9474-1A3956D46DE8}") = "ScheduleServicePlugIn", "ScheduleServicePlugIn", "{2BB6237E-0C2F-42C8-9300-CDF2F4BBCFA2}"
EndProject
Project("{2150E333-8FDC-42A3-9474-1A3956D46DE8}") = "ReportPlugIn", "ReportPlugIn", "{350EB037-B39C-4436-AE86-D8908F210D8E}"
EndProject
Project("{2150E333-8FDC-42A3-9474-1A3956D46DE8}") = "Clue", "Clue", "{176D771C-A068-4C24-97B4-FF6F76C59106}"
EndProject
Project("{FAE04EC0-301F-11D3-BF4B-00C04F79EFBC}") = "KEEPER.K3.SIASUN.CRM.ClueServicePlugIn", "KEEPER.K3.SIASUN.CRM.ClueServicePlugIn\KEEPER.K3.SIASUN.CRM.ClueServicePlugIn.csproj", "{CEA10702-C8BA-46CC-A21B-2FE1C6393F07}"
EndProject
Project("{2150E333-8FDC-42A3-9474-1A3956D46DE8}") = "Clue", "Clue", "{B50442BE-F7B2-4EBD-BA5A-77426185B356}"
EndProject
Project("{FAE04EC0-301F-11D3-BF4B-00C04F79EFBC}") = "KEEPER.K3.SIASUN.CRM.ClueBusinessPlugIn", "KEEPER.K3.SIASUN.CRM.ClueBusinessPlugIn\KEEPER.K3.SIASUN.CRM.ClueBusinessPlugIn.csproj", "{36E6F8D8-80EF-4AC0-A412-7A68B0736287}"
EndProject
Project("{2150E333-8FDC-42A3-9474-1A3956D46DE8}") = "Opp", "Opp", "{4CE1F487-853C-49B0-9FE1-D7F7E37874A9}"
EndProject
Project("{FAE04EC0-301F-11D3-BF4B-00C04F79EFBC}") = "KEEPER.K3.SIASUN.CRM.OppServicePlugIn", "KEEPER.K3.SIASUN.CRM.OppServicePlugIn\KEEPER.K3.SIASUN.CRM.OppServicePlugIn.csproj", "{B77E9A44-4F96-4A9C-A04A-3BA5FC28F58B}"
EndProject
Project("{2150E333-8FDC-42A3-9474-1A3956D46DE8}") = "Validators", "Validators", "{DB61367D-EBA6-4916-B676-3AF8B8029769}"
EndProject
Project("{FAE04EC0-301F-11D3-BF4B-00C04F79EFBC}") = "KEEPER.K3.SIASUN.CRM.OppValidators", "KEEPER.K3.SIASUN.CRM.OppValidators\KEEPER.K3.SIASUN.CRM.OppValidators.csproj", "{942541B2-3070-47B1-B86D-7E893FCD6E6B}"
EndProject
Project("{2150E333-8FDC-42A3-9474-1A3956D46DE8}") = "Opp", "Opp", "{B6ADAF3F-FE57-489C-ADFA-F43C03EEBA61}"
EndProject
Project("{FAE04EC0-301F-11D3-BF4B-00C04F79EFBC}") = "KEEPER.K3.SIASUN.CRM.OppBusinessPlugIn", "KEEPER.K3.SIASUN.CRM.OppBusinessPlugIn\KEEPER.K3.SIASUN.CRM.OppBusinessPlugIn.csproj", "{BAAFB8D0-6E5B-4E99-8B26-FC23E6894BE1}"
EndProject
Project("{2150E333-8FDC-42A3-9474-1A3956D46DE8}") = "Opp", "Opp", "{F49D27AA-2643-4D97-8CAB-7E822BC2CA27}"
EndProject
Project("{FAE04EC0-301F-11D3-BF4B-00C04F79EFBC}") = "KEEPER.K3.SIASUN.CRM.OppScheduleServicePlugIn", "KEEPER.K3.SIASUN.CRM.OppScheduleServicePlugIn\KEEPER.K3.SIASUN.CRM.OppScheduleServicePlugIn.csproj", "{288C07E3-F7EA-4F53-876E-DDC0DA6F24EB}"
EndProject
Project("{2150E333-8FDC-42A3-9474-1A3956D46DE8}") = "年度拜访客户情况", "年度拜访客户情况", "{5A90D0CF-6F21-4C87-BC8A-8A962AC1DB85}"
EndProject
Project("{FAE04EC0-301F-11D3-BF4B-00C04F79EFBC}") = "SIASUN.K3.Report.ActivityCountReportPlugIn", "ActivityCountReport\SIASUN.K3.Report.ActivityCountReportPlugIn.csproj", "{73FCE7DF-8CF3-4899-9530-91A902873E34}"
EndProject
Global
	GlobalSection(SolutionConfigurationPlatforms) = preSolution
		Debug|Any CPU = Debug|Any CPU
		Release|Any CPU = Release|Any CPU
	EndGlobalSection
	GlobalSection(ProjectConfigurationPlatforms) = postSolution
		{382D8FD0-54C2-4B10-9896-932F7486E3FD}.Debug|Any CPU.ActiveCfg = Debug|Any CPU
		{382D8FD0-54C2-4B10-9896-932F7486E3FD}.Debug|Any CPU.Build.0 = Debug|Any CPU
		{382D8FD0-54C2-4B10-9896-932F7486E3FD}.Release|Any CPU.ActiveCfg = Release|Any CPU
		{382D8FD0-54C2-4B10-9896-932F7486E3FD}.Release|Any CPU.Build.0 = Release|Any CPU
		{3C28812A-E250-4187-AB5D-703A45CFE654}.Debug|Any CPU.ActiveCfg = Debug|Any CPU
		{3C28812A-E250-4187-AB5D-703A45CFE654}.Debug|Any CPU.Build.0 = Debug|Any CPU
		{3C28812A-E250-4187-AB5D-703A45CFE654}.Release|Any CPU.ActiveCfg = Release|Any CPU
		{3C28812A-E250-4187-AB5D-703A45CFE654}.Release|Any CPU.Build.0 = Release|Any CPU
		{FFCC9DBB-DD17-4567-A405-1D02D97D816E}.Debug|Any CPU.ActiveCfg = Debug|Any CPU
		{FFCC9DBB-DD17-4567-A405-1D02D97D816E}.Debug|Any CPU.Build.0 = Debug|Any CPU
		{FFCC9DBB-DD17-4567-A405-1D02D97D816E}.Release|Any CPU.ActiveCfg = Release|Any CPU
		{FFCC9DBB-DD17-4567-A405-1D02D97D816E}.Release|Any CPU.Build.0 = Release|Any CPU
		{0DF3CEE0-DD46-4BF2-96D8-4C8115D48ED2}.Debug|Any CPU.ActiveCfg = Debug|Any CPU
		{0DF3CEE0-DD46-4BF2-96D8-4C8115D48ED2}.Debug|Any CPU.Build.0 = Debug|Any CPU
		{0DF3CEE0-DD46-4BF2-96D8-4C8115D48ED2}.Release|Any CPU.ActiveCfg = Release|Any CPU
		{0DF3CEE0-DD46-4BF2-96D8-4C8115D48ED2}.Release|Any CPU.Build.0 = Release|Any CPU
		{CEA10702-C8BA-46CC-A21B-2FE1C6393F07}.Debug|Any CPU.ActiveCfg = Debug|Any CPU
		{CEA10702-C8BA-46CC-A21B-2FE1C6393F07}.Debug|Any CPU.Build.0 = Debug|Any CPU
		{CEA10702-C8BA-46CC-A21B-2FE1C6393F07}.Release|Any CPU.ActiveCfg = Release|Any CPU
		{CEA10702-C8BA-46CC-A21B-2FE1C6393F07}.Release|Any CPU.Build.0 = Release|Any CPU
		{36E6F8D8-80EF-4AC0-A412-7A68B0736287}.Debug|Any CPU.ActiveCfg = Debug|Any CPU
		{36E6F8D8-80EF-4AC0-A412-7A68B0736287}.Debug|Any CPU.Build.0 = Debug|Any CPU
		{36E6F8D8-80EF-4AC0-A412-7A68B0736287}.Release|Any CPU.ActiveCfg = Release|Any CPU
		{36E6F8D8-80EF-4AC0-A412-7A68B0736287}.Release|Any CPU.Build.0 = Release|Any CPU
		{B77E9A44-4F96-4A9C-A04A-3BA5FC28F58B}.Debug|Any CPU.ActiveCfg = Debug|Any CPU
		{B77E9A44-4F96-4A9C-A04A-3BA5FC28F58B}.Debug|Any CPU.Build.0 = Debug|Any CPU
		{B77E9A44-4F96-4A9C-A04A-3BA5FC28F58B}.Release|Any CPU.ActiveCfg = Release|Any CPU
		{B77E9A44-4F96-4A9C-A04A-3BA5FC28F58B}.Release|Any CPU.Build.0 = Release|Any CPU
		{942541B2-3070-47B1-B86D-7E893FCD6E6B}.Debug|Any CPU.ActiveCfg = Debug|Any CPU
		{942541B2-3070-47B1-B86D-7E893FCD6E6B}.Debug|Any CPU.Build.0 = Debug|Any CPU
		{942541B2-3070-47B1-B86D-7E893FCD6E6B}.Release|Any CPU.ActiveCfg = Release|Any CPU
		{942541B2-3070-47B1-B86D-7E893FCD6E6B}.Release|Any CPU.Build.0 = Release|Any CPU
		{BAAFB8D0-6E5B-4E99-8B26-FC23E6894BE1}.Debug|Any CPU.ActiveCfg = Debug|Any CPU
		{BAAFB8D0-6E5B-4E99-8B26-FC23E6894BE1}.Debug|Any CPU.Build.0 = Debug|Any CPU
		{BAAFB8D0-6E5B-4E99-8B26-FC23E6894BE1}.Release|Any CPU.ActiveCfg = Release|Any CPU
		{BAAFB8D0-6E5B-4E99-8B26-FC23E6894BE1}.Release|Any CPU.Build.0 = Release|Any CPU
		{288C07E3-F7EA-4F53-876E-DDC0DA6F24EB}.Debug|Any CPU.ActiveCfg = Debug|Any CPU
		{288C07E3-F7EA-4F53-876E-DDC0DA6F24EB}.Debug|Any CPU.Build.0 = Debug|Any CPU
		{288C07E3-F7EA-4F53-876E-DDC0DA6F24EB}.Release|Any CPU.ActiveCfg = Release|Any CPU
		{288C07E3-F7EA-4F53-876E-DDC0DA6F24EB}.Release|Any CPU.Build.0 = Release|Any CPU
		{73FCE7DF-8CF3-4899-9530-91A902873E34}.Debug|Any CPU.ActiveCfg = Debug|Any CPU
		{73FCE7DF-8CF3-4899-9530-91A902873E34}.Debug|Any CPU.Build.0 = Debug|Any CPU
		{73FCE7DF-8CF3-4899-9530-91A902873E34}.Release|Any CPU.ActiveCfg = Release|Any CPU
		{73FCE7DF-8CF3-4899-9530-91A902873E34}.Release|Any CPU.Build.0 = Release|Any CPU
	EndGlobalSection
	GlobalSection(SolutionProperties) = preSolution
		HideSolutionNode = FALSE
	EndGlobalSection
	GlobalSection(NestedProjects) = preSolution
		{5584D9D2-1144-4BC9-A14C-0E91C5A2AB4F} = {C4EA44A3-1D09-42BD-8FF3-23A0CED7F4B2}
		{B42641F3-99DC-44A5-9227-B19879181BFC} = {C4EA44A3-1D09-42BD-8FF3-23A0CED7F4B2}
		{2BB6237E-0C2F-42C8-9300-CDF2F4BBCFA2} = {C4EA44A3-1D09-42BD-8FF3-23A0CED7F4B2}
		{350EB037-B39C-4436-AE86-D8908F210D8E} = {C4EA44A3-1D09-42BD-8FF3-23A0CED7F4B2}
		{176D771C-A068-4C24-97B4-FF6F76C59106} = {B42641F3-99DC-44A5-9227-B19879181BFC}
		{CEA10702-C8BA-46CC-A21B-2FE1C6393F07} = {176D771C-A068-4C24-97B4-FF6F76C59106}
		{B50442BE-F7B2-4EBD-BA5A-77426185B356} = {5584D9D2-1144-4BC9-A14C-0E91C5A2AB4F}
		{36E6F8D8-80EF-4AC0-A412-7A68B0736287} = {B50442BE-F7B2-4EBD-BA5A-77426185B356}
		{4CE1F487-853C-49B0-9FE1-D7F7E37874A9} = {B42641F3-99DC-44A5-9227-B19879181BFC}
		{B77E9A44-4F96-4A9C-A04A-3BA5FC28F58B} = {4CE1F487-853C-49B0-9FE1-D7F7E37874A9}
		{DB61367D-EBA6-4916-B676-3AF8B8029769} = {4CE1F487-853C-49B0-9FE1-D7F7E37874A9}
		{942541B2-3070-47B1-B86D-7E893FCD6E6B} = {DB61367D-EBA6-4916-B676-3AF8B8029769}
		{B6ADAF3F-FE57-489C-ADFA-F43C03EEBA61} = {5584D9D2-1144-4BC9-A14C-0E91C5A2AB4F}
		{BAAFB8D0-6E5B-4E99-8B26-FC23E6894BE1} = {B6ADAF3F-FE57-489C-ADFA-F43C03EEBA61}
		{F49D27AA-2643-4D97-8CAB-7E822BC2CA27} = {2BB6237E-0C2F-42C8-9300-CDF2F4BBCFA2}
		{288C07E3-F7EA-4F53-876E-DDC0DA6F24EB} = {F49D27AA-2643-4D97-8CAB-7E822BC2CA27}
		{5A90D0CF-6F21-4C87-BC8A-8A962AC1DB85} = {350EB037-B39C-4436-AE86-D8908F210D8E}
		{73FCE7DF-8CF3-4899-9530-91A902873E34} = {5A90D0CF-6F21-4C87-BC8A-8A962AC1DB85}
	EndGlobalSection
	GlobalSection(ExtensibilityGlobals) = postSolution
		SolutionGuid = {B23F84D4-8588-4E25-9210-BFEAE0C396B8}
	EndGlobalSection
EndGlobal
