
Microsoft Visual Studio Solution File, Format Version 12.00
# Visual Studio 14
VisualStudioVersion = 14.0.25420.1
MinimumVisualStudioVersion = 10.0.40219.1
Project("{FAE04EC0-301F-11D3-BF4B-00C04F79EFBC}") = "KEEPER.K3.App", "KEEPER.K3.App\KEEPER.K3.App.csproj", "{382D8FD0-54C2-4B10-9896-932F7486E3FD}"
EndProject
Project("{FAE04EC0-301F-11D3-BF4B-00C04F79EFBC}") = "KEEPER.K3.CRM.Contracts", "KEEPER.K3.CRM.Contracts\KEEPER.K3.CRM.Contracts.csproj", "{3C28812A-E250-4187-AB5D-703A45CFE654}"
EndProject
Project("{FAE04EC0-301F-11D3-BF4B-00C04F79EFBC}") = "KEEPER.K3.CRM.CRMServiceHelper", "KEEPER.K3.CRM.CRMServiceHelper\KEEPER.K3.CRM.CRMServiceHelper.csproj", "{FFCC9DBB-DD17-4567-A405-1D02D97D816E}"
EndProject
Project("{FAE04EC0-301F-11D3-BF4B-00C04F79EFBC}") = "KEEPER.K3.CRM.Core", "KEEPER.K3.CRM.Core\KEEPER.K3.CRM.Core.csproj", "{0DF3CEE0-DD46-4BF2-96D8-4C8115D48ED2}"
EndProject
Project("{2150E333-8FDC-42A3-9474-1A3956D46DE8}") = "PlugIn", "PlugIn", "{C4EA44A3-1D09-42BD-8FF3-23A0CED7F4B2}"
EndProject
Project("{2150E333-8FDC-42A3-9474-1A3956D46DE8}") = "BusinessPlugIn", "BusinessPlugIn", "{5584D9D2-1144-4BC9-A14C-0E91C5A2AB4F}"
EndProject
Project("{2150E333-8FDC-42A3-9474-1A3956D46DE8}") = "ServicePlugIn", "ServicePlugIn", "{B42641F3-99DC-44A5-9227-B19879181BFC}"
EndProject
Project("{2150E333-8FDC-42A3-9474-1A3956D46DE8}") = "ScheduleServicePlugIn", "ScheduleServicePlugIn", "{2BB6237E-0C2F-42C8-9300-CDF2F4BBCFA2}"
EndProject
Project("{2150E333-8FDC-42A3-9474-1A3956D46DE8}") = "ReportPlugIn", "ReportPlugIn", "{350EB037-B39C-4436-AE86-D8908F210D8E}"
EndProject
Project("{2150E333-8FDC-42A3-9474-1A3956D46DE8}") = "Clue", "Clue", "{176D771C-A068-4C24-97B4-FF6F76C59106}"
EndProject
Project("{FAE04EC0-301F-11D3-BF4B-00C04F79EFBC}") = "KEEPER.K3.SIASUN.CRM.ClueServicePlugIn", "KEEPER.K3.SIASUN.CRM.ClueServicePlugIn\KEEPER.K3.SIASUN.CRM.ClueServicePlugIn.csproj", "{CEA10702-C8BA-46CC-A21B-2FE1C6393F07}"
EndProject
Project("{2150E333-8FDC-42A3-9474-1A3956D46DE8}") = "Clue", "Clue", "{B50442BE-F7B2-4EBD-BA5A-77426185B356}"
EndProject
Project("{FAE04EC0-301F-11D3-BF4B-00C04F79EFBC}") = "KEEPER.K3.SIASUN.CRM.ClueBusinessPlugIn", "KEEPER.K3.SIASUN.CRM.ClueBusinessPlugIn\KEEPER.K3.SIASUN.CRM.ClueBusinessPlugIn.csproj", "{36E6F8D8-80EF-4AC0-A412-7A68B0736287}"
EndProject
Project("{2150E333-8FDC-42A3-9474-1A3956D46DE8}") = "Opp", "Opp", "{4CE1F487-853C-49B0-9FE1-D7F7E37874A9}"
EndProject
Project("{FAE04EC0-301F-11D3-BF4B-00C04F79EFBC}") = "KEEPER.K3.SIASUN.CRM.OppServicePlugIn", "KEEPER.K3.SIASUN.CRM.OppServicePlugIn\KEEPER.K3.SIASUN.CRM.OppServicePlugIn.csproj", "{B77E9A44-4F96-4A9C-A04A-3BA5FC28F58B}"
EndProject
Project("{2150E333-8FDC-42A3-9474-1A3956D46DE8}") = "Validators", "Validators", "{DB61367D-EBA6-4916-B676-3AF8B8029769}"
EndProject
Project("{FAE04EC0-301F-11D3-BF4B-00C04F79EFBC}") = "KEEPER.K3.SIASUN.CRM.OppValidators", "KEEPER.K3.SIASUN.CRM.OppValidators\KEEPER.K3.SIASUN.CRM.OppValidators.csproj", "{942541B2-3070-47B1-B86D-7E893FCD6E6B}"
EndProject
Project("{2150E333-8FDC-42A3-9474-1A3956D46DE8}") = "Opp", "Opp", "{B6ADAF3F-FE57-489C-ADFA-F43C03EEBA61}"
EndProject
Project("{FAE04EC0-301F-11D3-BF4B-00C04F79EFBC}") = "KEEPER.K3.SIASUN.CRM.OppBusinessPlugIn", "KEEPER.K3.SIASUN.CRM.OppBusinessPlugIn\KEEPER.K3.SIASUN.CRM.OppBusinessPlugIn.csproj", "{BAAFB8D0-6E5B-4E99-8B26-FC23E6894BE1}"
EndProject
Project("{2150E333-8FDC-42A3-9474-1A3956D46DE8}") = "Opp", "Opp", "{F49D27AA-2643-4D97-8CAB-7E822BC2CA27}"
EndProject
Project("{FAE04EC0-301F-11D3-BF4B-00C04F79EFBC}") = "KEEPER.K3.SIASUN.CRM.OppScheduleServicePlugIn", "KEEPER.K3.SIASUN.CRM.OppScheduleServicePlugIn\KEEPER.K3.SIASUN.CRM.OppScheduleServicePlugIn.csproj", "{288C07E3-F7EA-4F53-876E-DDC0DA6F24EB}"
EndProject
Project("{2150E333-8FDC-42A3-9474-1A3956D46DE8}") = "年度拜访客户情况", "年度拜访客户情况", "{5A90D0CF-6F21-4C87-BC8A-8A962AC1DB85}"
EndProject
Project("{FAE04EC0-301F-11D3-BF4B-00C04F79EFBC}") = "SIASUN.K3.Report.ActivityCountReportPlugIn", "ActivityCountReport\SIASUN.K3.Report.ActivityCountReportPlugIn.csproj", "{73FCE7DF-8CF3-4899-9530-91A902873E34}"
EndProject
Project("{2150E333-8FDC-42A3-9474-1A3956D46DE8}") = "商机登录明细表", "商机登录明细表", "{BBC4E24D-57C2-4C92-BB0F-8D16DA056544}"
EndProject
Project("{FAE04EC0-301F-11D3-BF4B-00C04F79EFBC}") = "SIASUN.K3.Report.OpportunityCountReportPlugIn", "SIASUN.K3.Report.OpportunityCountReportPlugIn\SIASUN.K3.Report.OpportunityCountReportPlugIn.csproj", "{B26FDA65-2564-44C5-89E1-CE058283DC18}"
EndProject
Project("{2150E333-8FDC-42A3-9474-1A3956D46DE8}") = "商机统计报表-客户", "商机统计报表-客户", "{3A98695B-DD3F-4F32-B053-BF5CF5971E72}"
EndProject
Project("{FAE04EC0-301F-11D3-BF4B-00C04F79EFBC}") = "Siasun.K3.CRM.OPP.App.Report.OppCustomerStatReport", "Siasun.K3.CRM.OPP.App.Report.OppCustomerStatReport\Siasun.K3.CRM.OPP.App.Report.OppCustomerStatReport.csproj", "{C759A5D9-E4D6-4E5D-8105-E67620DBD592}"
EndProject
Project("{2150E333-8FDC-42A3-9474-1A3956D46DE8}") = "线索转化分析表", "线索转化分析表", "{13664F2D-1E58-4565-8A32-C52ADBEBD9E6}"
EndProject
Project("{FAE04EC0-301F-11D3-BF4B-00C04F79EFBC}") = "ClueTransBill", "ClueTransBill\ClueTransBill.csproj", "{AF5E890D-DAB0-47C3-BB82-11365B0C23A1}"
EndProject
Project("{2150E333-8FDC-42A3-9474-1A3956D46DE8}") = "商机预警总表", "商机预警总表", "{F48649EE-D181-4508-BB00-E8F9860EDBE4}"
EndProject
Project("{FAE04EC0-301F-11D3-BF4B-00C04F79EFBC}") = "OppWarningBill", "OppWarningBill\OppWarningBill.csproj", "{14E7D465-A688-4CF2-8FDD-FC06F468DA2A}"
EndProject
Project("{2150E333-8FDC-42A3-9474-1A3956D46DE8}") = "销售监控报表", "销售监控报表", "{E2C44321-889A-4E13-AF83-DDA5E7B7ABBF}"
EndProject
Project("{FAE04EC0-301F-11D3-BF4B-00C04F79EFBC}") = "SaleControlBill", "SaleControlBill\SaleControlBill.csproj", "{54851E02-D9FF-41C0-8A38-16965D5E27FE}"
EndProject
Project("{2150E333-8FDC-42A3-9474-1A3956D46DE8}") = "商机统计报表-业务员", "商机统计报表-业务员", "{F3E7708F-5732-4139-8509-ADB8D80BC690}"
EndProject
Project("{FAE04EC0-301F-11D3-BF4B-00C04F79EFBC}") = "Siasun.K3.CRM.OPP.App.Report.OppOperatorStatReport", "Siasun.K3.CRM.OPP.App.Report.OppOperatorStatReport\Siasun.K3.CRM.OPP.App.Report.OppOperatorStatReport.csproj", "{FA78BD01-3C95-4AF9-A909-D1D7121E72A0}"
EndProject
Project("{2150E333-8FDC-42A3-9474-1A3956D46DE8}") = "销售人员指标报表", "销售人员指标报表", "{91A85E92-3139-4627-959F-26B98688A4BD}"
EndProject
Project("{FAE04EC0-301F-11D3-BF4B-00C04F79EFBC}") = "Siasun.K3.CRM.OPP.App.Report.SalesTargetReport", "Siasun.K3.CRM.OPP.App.Report.SalesTargetReport\Siasun.K3.CRM.OPP.App.Report.SalesTargetReport.csproj", "{F542775B-9CEC-4B78-882C-1525391A16EF}"
EndProject
Project("{2150E333-8FDC-42A3-9474-1A3956D46DE8}") = "商机登录汇总表", "商机登录汇总表", "{11C9316D-3DFD-475A-A744-9C0E84D07A9B}"
EndProject
Project("{FAE04EC0-301F-11D3-BF4B-00C04F79EFBC}") = "Siasun.K3.CRM.OPP.App.Report.OppRegSummaryReport", "Siasun.K3.CRM.OPP.App.Report.OppRegSummaryReport\Siasun.K3.CRM.OPP.App.Report.OppRegSummaryReport.csproj", "{36C63DB8-1BE9-4D14-9260-6047C86512FB}"
EndProject
Project("{2150E333-8FDC-42A3-9474-1A3956D46DE8}") = "CRM产品", "CRM产品", "{0B2E65E8-8835-4F87-892B-E2EB41582C9D}"
EndProject
Project("{FAE04EC0-301F-11D3-BF4B-00C04F79EFBC}") = "KEEPER.K3.SIASUN.CRM.CRMPROServicePlugIn", "KEEPER.K3.SIASUN.CRM.CRMPROServicePlugIn\KEEPER.K3.SIASUN.CRM.CRMPROServicePlugIn.csproj", "{12BE3260-C47B-452B-BDF8-3E85308DAC36}"
EndProject
Project("{2150E333-8FDC-42A3-9474-1A3956D46DE8}") = "销售员销售报表(汇总)", "销售员销售报表(汇总)", "{CD374281-B1CF-41B0-B836-7E35A56CE120}"
EndProject
Project("{2150E333-8FDC-42A3-9474-1A3956D46DE8}") = "销售员销售报表(按单汇总)", "销售员销售报表(按单汇总)", "{6D3F5219-1E75-4DE4-BD24-9B56FB9B736E}"
EndProject
Project("{FAE04EC0-301F-11D3-BF4B-00C04F79EFBC}") = "SalerBillByTotal", "SalerBillByTotal\SalerBillByTotal.csproj", "{58EE73C9-BB8A-4E16-8114-E1B8B4381347}"
EndProject
Project("{FAE04EC0-301F-11D3-BF4B-00C04F79EFBC}") = "SalerBillByOrder", "SalerBillByOrder\SalerBillByOrder.csproj", "{D03C4448-F560-4393-9644-CD60CDF6968C}"
EndProject
Project("{FAE04EC0-301F-11D3-BF4B-00C04F79EFBC}") = "UnitTestProject", "UnitTestProject\UnitTestProject.csproj", "{8915A93D-E590-429E-8540-2EE190F8AD31}"
EndProject
Project("{2150E333-8FDC-42A3-9474-1A3956D46DE8}") = "SaleContract", "SaleContract", "{8FAB1B7A-41D1-476A-A7D8-B4F0CA3BE445}"
EndProject
Project("{FAE04EC0-301F-11D3-BF4B-00C04F79EFBC}") = "KEEPER.K3.SIASUN.CRM.SaleContractBussinessPlugIn", "KEEPER.K3.SIASUN.CRM.SaleContractBussinessPlugIn\KEEPER.K3.SIASUN.CRM.SaleContractBussinessPlugIn.csproj", "{CE829BFF-461B-4B7D-ACFA-B98BEDD006C6}"
EndProject
Project("{2150E333-8FDC-42A3-9474-1A3956D46DE8}") = "ConvertPlugIn", "ConvertPlugIn", "{CCBBD764-36DC-4BEE-9925-9D8000F84674}"
EndProject
Project("{2150E333-8FDC-42A3-9474-1A3956D46DE8}") = "ClueConverttToOpp", "ClueConverttToOpp", "{94E89A99-1B9E-4C29-8848-B6EDC65F991A}"
EndProject
Project("{FAE04EC0-301F-11D3-BF4B-00C04F79EFBC}") = "KEEPER.K3.SIASUN.CRM.ClueToOppConvertPlugIn", "KEEPER.K3.SIASUN.CRM.ClueToOppConvertPlugIn\KEEPER.K3.SIASUN.CRM.ClueToOppConvertPlugIn.csproj", "{D806CF2E-7103-4950-95A6-ABF7C20DB060}"
EndProject
Project("{2150E333-8FDC-42A3-9474-1A3956D46DE8}") = "CustomizeWebApi", "CustomizeWebApi", "{20233E31-7F1B-4110-ADB0-2F8DDAB3DDD0}"
EndProject
Project("{FAE04EC0-301F-11D3-BF4B-00C04F79EFBC}") = "CustomizeWebApi", "CustomizeWebApi\CustomizeWebApi.csproj", "{697BBC7C-5401-475B-8419-1BB676E7ED2B}"
EndProject
Project("{2150E333-8FDC-42A3-9474-1A3956D46DE8}") = "Activity", "Activity", "{2492E2A3-1A90-4E9D-B10F-96F3B6196440}"
EndProject
Project("{FAE04EC0-301F-11D3-BF4B-00C04F79EFBC}") = "KEEPER.K3.SIASUN.CRM.ActivityBusinessPlugIn", "KEEPER.K3.SIASUN.CRM.ActivityBusinessPlugIn\KEEPER.K3.SIASUN.CRM.ActivityBusinessPlugIn.csproj", "{D9E0CC33-6DFA-4ADD-916C-31746E31FD99}"
EndProject
Project("{2150E333-8FDC-42A3-9474-1A3956D46DE8}") = "SALECONTRACTS", "SALECONTRACTS", "{50DA6EC4-1D3E-4A96-9478-D9A185543A91}"
EndProject
Project("{FAE04EC0-301F-11D3-BF4B-00C04F79EFBC}") = "KEEPER.K3.SIASUN.CRM.SaleContractDeComposeBusinessPlugIn", "KEEPER.K3.SIASUN.CRM.SaleContractDeComposeBusinessPlugIn\KEEPER.K3.SIASUN.CRM.SaleContractDeComposeBusinessPlugIn.csproj", "{89B6AFFE-E471-467A-B9D2-DA7E7886321F}"
EndProject
Project("{2150E333-8FDC-42A3-9474-1A3956D46DE8}") = "StandProduct", "StandProduct", "{B1786210-6316-4E77-BBF4-E89ECE22A7B9}"
EndProject
Project("{FAE04EC0-301F-11D3-BF4B-00C04F79EFBC}") = "KEEPER.K3.CRM.Core.Bump", "KEEPER.K3.CRM.Core.Bump\KEEPER.K3.CRM.Core.Bump.csproj", "{C7B2D93F-160D-428A-9C9D-A80B5D1CD863}"
EndProject
Project("{FAE04EC0-301F-11D3-BF4B-00C04F79EFBC}") = "KEEPER.K3.CRM.Entity", "KEEPER.K3.CRM.Entity\KEEPER.K3.CRM.Entity.csproj", "{B29DE5B5-C5A3-4075-BAE5-3B390E85ADA8}"
EndProject
Global
	GlobalSection(SolutionConfigurationPlatforms) = preSolution
		Debug|Any CPU = Debug|Any CPU
		Release|Any CPU = Release|Any CPU
	EndGlobalSection
	GlobalSection(ProjectConfigurationPlatforms) = postSolution
		{382D8FD0-54C2-4B10-9896-932F7486E3FD}.Debug|Any CPU.ActiveCfg = Debug|Any CPU
		{382D8FD0-54C2-4B10-9896-932F7486E3FD}.Debug|Any CPU.Build.0 = Debug|Any CPU
		{382D8FD0-54C2-4B10-9896-932F7486E3FD}.Release|Any CPU.ActiveCfg = Release|Any CPU
		{382D8FD0-54C2-4B10-9896-932F7486E3FD}.Release|Any CPU.Build.0 = Release|Any CPU
		{3C28812A-E250-4187-AB5D-703A45CFE654}.Debug|Any CPU.ActiveCfg = Debug|Any CPU
		{3C28812A-E250-4187-AB5D-703A45CFE654}.Debug|Any CPU.Build.0 = Debug|Any CPU
		{3C28812A-E250-4187-AB5D-703A45CFE654}.Release|Any CPU.ActiveCfg = Release|Any CPU
		{3C28812A-E250-4187-AB5D-703A45CFE654}.Release|Any CPU.Build.0 = Release|Any CPU
		{FFCC9DBB-DD17-4567-A405-1D02D97D816E}.Debug|Any CPU.ActiveCfg = Debug|Any CPU
		{FFCC9DBB-DD17-4567-A405-1D02D97D816E}.Debug|Any CPU.Build.0 = Debug|Any CPU
		{FFCC9DBB-DD17-4567-A405-1D02D97D816E}.Release|Any CPU.ActiveCfg = Release|Any CPU
		{FFCC9DBB-DD17-4567-A405-1D02D97D816E}.Release|Any CPU.Build.0 = Release|Any CPU
		{0DF3CEE0-DD46-4BF2-96D8-4C8115D48ED2}.Debug|Any CPU.ActiveCfg = Debug|Any CPU
		{0DF3CEE0-DD46-4BF2-96D8-4C8115D48ED2}.Debug|Any CPU.Build.0 = Debug|Any CPU
		{0DF3CEE0-DD46-4BF2-96D8-4C8115D48ED2}.Release|Any CPU.ActiveCfg = Release|Any CPU
		{0DF3CEE0-DD46-4BF2-96D8-4C8115D48ED2}.Release|Any CPU.Build.0 = Release|Any CPU
		{CEA10702-C8BA-46CC-A21B-2FE1C6393F07}.Debug|Any CPU.ActiveCfg = Debug|Any CPU
		{CEA10702-C8BA-46CC-A21B-2FE1C6393F07}.Debug|Any CPU.Build.0 = Debug|Any CPU
		{CEA10702-C8BA-46CC-A21B-2FE1C6393F07}.Release|Any CPU.ActiveCfg = Release|Any CPU
		{CEA10702-C8BA-46CC-A21B-2FE1C6393F07}.Release|Any CPU.Build.0 = Release|Any CPU
		{36E6F8D8-80EF-4AC0-A412-7A68B0736287}.Debug|Any CPU.ActiveCfg = Debug|Any CPU
		{36E6F8D8-80EF-4AC0-A412-7A68B0736287}.Debug|Any CPU.Build.0 = Debug|Any CPU
		{36E6F8D8-80EF-4AC0-A412-7A68B0736287}.Release|Any CPU.ActiveCfg = Release|Any CPU
		{36E6F8D8-80EF-4AC0-A412-7A68B0736287}.Release|Any CPU.Build.0 = Release|Any CPU
		{B77E9A44-4F96-4A9C-A04A-3BA5FC28F58B}.Debug|Any CPU.ActiveCfg = Debug|Any CPU
		{B77E9A44-4F96-4A9C-A04A-3BA5FC28F58B}.Debug|Any CPU.Build.0 = Debug|Any CPU
		{B77E9A44-4F96-4A9C-A04A-3BA5FC28F58B}.Release|Any CPU.ActiveCfg = Release|Any CPU
		{B77E9A44-4F96-4A9C-A04A-3BA5FC28F58B}.Release|Any CPU.Build.0 = Release|Any CPU
		{942541B2-3070-47B1-B86D-7E893FCD6E6B}.Debug|Any CPU.ActiveCfg = Debug|Any CPU
		{942541B2-3070-47B1-B86D-7E893FCD6E6B}.Debug|Any CPU.Build.0 = Debug|Any CPU
		{942541B2-3070-47B1-B86D-7E893FCD6E6B}.Release|Any CPU.ActiveCfg = Release|Any CPU
		{942541B2-3070-47B1-B86D-7E893FCD6E6B}.Release|Any CPU.Build.0 = Release|Any CPU
		{BAAFB8D0-6E5B-4E99-8B26-FC23E6894BE1}.Debug|Any CPU.ActiveCfg = Debug|Any CPU
		{BAAFB8D0-6E5B-4E99-8B26-FC23E6894BE1}.Debug|Any CPU.Build.0 = Debug|Any CPU
		{BAAFB8D0-6E5B-4E99-8B26-FC23E6894BE1}.Release|Any CPU.ActiveCfg = Release|Any CPU
		{BAAFB8D0-6E5B-4E99-8B26-FC23E6894BE1}.Release|Any CPU.Build.0 = Release|Any CPU
		{288C07E3-F7EA-4F53-876E-DDC0DA6F24EB}.Debug|Any CPU.ActiveCfg = Debug|Any CPU
		{288C07E3-F7EA-4F53-876E-DDC0DA6F24EB}.Debug|Any CPU.Build.0 = Debug|Any CPU
		{288C07E3-F7EA-4F53-876E-DDC0DA6F24EB}.Release|Any CPU.ActiveCfg = Release|Any CPU
		{288C07E3-F7EA-4F53-876E-DDC0DA6F24EB}.Release|Any CPU.Build.0 = Release|Any CPU
		{73FCE7DF-8CF3-4899-9530-91A902873E34}.Debug|Any CPU.ActiveCfg = Debug|Any CPU
		{73FCE7DF-8CF3-4899-9530-91A902873E34}.Debug|Any CPU.Build.0 = Debug|Any CPU
		{73FCE7DF-8CF3-4899-9530-91A902873E34}.Release|Any CPU.ActiveCfg = Release|Any CPU
		{73FCE7DF-8CF3-4899-9530-91A902873E34}.Release|Any CPU.Build.0 = Release|Any CPU
		{B26FDA65-2564-44C5-89E1-CE058283DC18}.Debug|Any CPU.ActiveCfg = Debug|Any CPU
		{B26FDA65-2564-44C5-89E1-CE058283DC18}.Debug|Any CPU.Build.0 = Debug|Any CPU
		{B26FDA65-2564-44C5-89E1-CE058283DC18}.Release|Any CPU.ActiveCfg = Release|Any CPU
		{B26FDA65-2564-44C5-89E1-CE058283DC18}.Release|Any CPU.Build.0 = Release|Any CPU
		{C759A5D9-E4D6-4E5D-8105-E67620DBD592}.Debug|Any CPU.ActiveCfg = Debug|Any CPU
		{C759A5D9-E4D6-4E5D-8105-E67620DBD592}.Debug|Any CPU.Build.0 = Debug|Any CPU
		{C759A5D9-E4D6-4E5D-8105-E67620DBD592}.Release|Any CPU.ActiveCfg = Release|Any CPU
		{C759A5D9-E4D6-4E5D-8105-E67620DBD592}.Release|Any CPU.Build.0 = Release|Any CPU
		{AF5E890D-DAB0-47C3-BB82-11365B0C23A1}.Debug|Any CPU.ActiveCfg = Debug|Any CPU
		{AF5E890D-DAB0-47C3-BB82-11365B0C23A1}.Debug|Any CPU.Build.0 = Debug|Any CPU
		{AF5E890D-DAB0-47C3-BB82-11365B0C23A1}.Release|Any CPU.ActiveCfg = Release|Any CPU
		{AF5E890D-DAB0-47C3-BB82-11365B0C23A1}.Release|Any CPU.Build.0 = Release|Any CPU
		{14E7D465-A688-4CF2-8FDD-FC06F468DA2A}.Debug|Any CPU.ActiveCfg = Debug|Any CPU
		{14E7D465-A688-4CF2-8FDD-FC06F468DA2A}.Debug|Any CPU.Build.0 = Debug|Any CPU
		{14E7D465-A688-4CF2-8FDD-FC06F468DA2A}.Release|Any CPU.ActiveCfg = Release|Any CPU
		{14E7D465-A688-4CF2-8FDD-FC06F468DA2A}.Release|Any CPU.Build.0 = Release|Any CPU
		{54851E02-D9FF-41C0-8A38-16965D5E27FE}.Debug|Any CPU.ActiveCfg = Debug|Any CPU
		{54851E02-D9FF-41C0-8A38-16965D5E27FE}.Debug|Any CPU.Build.0 = Debug|Any CPU
		{54851E02-D9FF-41C0-8A38-16965D5E27FE}.Release|Any CPU.ActiveCfg = Release|Any CPU
		{54851E02-D9FF-41C0-8A38-16965D5E27FE}.Release|Any CPU.Build.0 = Release|Any CPU
		{FA78BD01-3C95-4AF9-A909-D1D7121E72A0}.Debug|Any CPU.ActiveCfg = Debug|Any CPU
		{FA78BD01-3C95-4AF9-A909-D1D7121E72A0}.Debug|Any CPU.Build.0 = Debug|Any CPU
		{FA78BD01-3C95-4AF9-A909-D1D7121E72A0}.Release|Any CPU.ActiveCfg = Release|Any CPU
		{FA78BD01-3C95-4AF9-A909-D1D7121E72A0}.Release|Any CPU.Build.0 = Release|Any CPU
		{F542775B-9CEC-4B78-882C-1525391A16EF}.Debug|Any CPU.ActiveCfg = Debug|Any CPU
		{F542775B-9CEC-4B78-882C-1525391A16EF}.Debug|Any CPU.Build.0 = Debug|Any CPU
		{F542775B-9CEC-4B78-882C-1525391A16EF}.Release|Any CPU.ActiveCfg = Release|Any CPU
		{F542775B-9CEC-4B78-882C-1525391A16EF}.Release|Any CPU.Build.0 = Release|Any CPU
		{36C63DB8-1BE9-4D14-9260-6047C86512FB}.Debug|Any CPU.ActiveCfg = Debug|Any CPU
		{36C63DB8-1BE9-4D14-9260-6047C86512FB}.Debug|Any CPU.Build.0 = Debug|Any CPU
		{36C63DB8-1BE9-4D14-9260-6047C86512FB}.Release|Any CPU.ActiveCfg = Release|Any CPU
		{36C63DB8-1BE9-4D14-9260-6047C86512FB}.Release|Any CPU.Build.0 = Release|Any CPU
		{12BE3260-C47B-452B-BDF8-3E85308DAC36}.Debug|Any CPU.ActiveCfg = Debug|Any CPU
		{12BE3260-C47B-452B-BDF8-3E85308DAC36}.Debug|Any CPU.Build.0 = Debug|Any CPU
		{12BE3260-C47B-452B-BDF8-3E85308DAC36}.Release|Any CPU.ActiveCfg = Release|Any CPU
		{12BE3260-C47B-452B-BDF8-3E85308DAC36}.Release|Any CPU.Build.0 = Release|Any CPU
		{58EE73C9-BB8A-4E16-8114-E1B8B4381347}.Debug|Any CPU.ActiveCfg = Debug|Any CPU
		{58EE73C9-BB8A-4E16-8114-E1B8B4381347}.Debug|Any CPU.Build.0 = Debug|Any CPU
		{58EE73C9-BB8A-4E16-8114-E1B8B4381347}.Release|Any CPU.ActiveCfg = Release|Any CPU
		{58EE73C9-BB8A-4E16-8114-E1B8B4381347}.Release|Any CPU.Build.0 = Release|Any CPU
		{D03C4448-F560-4393-9644-CD60CDF6968C}.Debug|Any CPU.ActiveCfg = Debug|Any CPU
		{D03C4448-F560-4393-9644-CD60CDF6968C}.Debug|Any CPU.Build.0 = Debug|Any CPU
		{D03C4448-F560-4393-9644-CD60CDF6968C}.Release|Any CPU.ActiveCfg = Release|Any CPU
		{D03C4448-F560-4393-9644-CD60CDF6968C}.Release|Any CPU.Build.0 = Release|Any CPU
		{8915A93D-E590-429E-8540-2EE190F8AD31}.Debug|Any CPU.ActiveCfg = Debug|Any CPU
		{8915A93D-E590-429E-8540-2EE190F8AD31}.Debug|Any CPU.Build.0 = Debug|Any CPU
		{8915A93D-E590-429E-8540-2EE190F8AD31}.Release|Any CPU.ActiveCfg = Release|Any CPU
		{8915A93D-E590-429E-8540-2EE190F8AD31}.Release|Any CPU.Build.0 = Release|Any CPU
		{CE829BFF-461B-4B7D-ACFA-B98BEDD006C6}.Debug|Any CPU.ActiveCfg = Debug|Any CPU
		{CE829BFF-461B-4B7D-ACFA-B98BEDD006C6}.Debug|Any CPU.Build.0 = Debug|Any CPU
		{CE829BFF-461B-4B7D-ACFA-B98BEDD006C6}.Release|Any CPU.ActiveCfg = Release|Any CPU
		{CE829BFF-461B-4B7D-ACFA-B98BEDD006C6}.Release|Any CPU.Build.0 = Release|Any CPU
		{D806CF2E-7103-4950-95A6-ABF7C20DB060}.Debug|Any CPU.ActiveCfg = Debug|Any CPU
		{D806CF2E-7103-4950-95A6-ABF7C20DB060}.Debug|Any CPU.Build.0 = Debug|Any CPU
		{D806CF2E-7103-4950-95A6-ABF7C20DB060}.Release|Any CPU.ActiveCfg = Release|Any CPU
		{D806CF2E-7103-4950-95A6-ABF7C20DB060}.Release|Any CPU.Build.0 = Release|Any CPU
		{697BBC7C-5401-475B-8419-1BB676E7ED2B}.Debug|Any CPU.ActiveCfg = Debug|Any CPU
		{697BBC7C-5401-475B-8419-1BB676E7ED2B}.Debug|Any CPU.Build.0 = Debug|Any CPU
		{697BBC7C-5401-475B-8419-1BB676E7ED2B}.Release|Any CPU.ActiveCfg = Release|Any CPU
		{697BBC7C-5401-475B-8419-1BB676E7ED2B}.Release|Any CPU.Build.0 = Release|Any CPU
		{D9E0CC33-6DFA-4ADD-916C-31746E31FD99}.Debug|Any CPU.ActiveCfg = Debug|Any CPU
		{D9E0CC33-6DFA-4ADD-916C-31746E31FD99}.Debug|Any CPU.Build.0 = Debug|Any CPU
		{D9E0CC33-6DFA-4ADD-916C-31746E31FD99}.Release|Any CPU.ActiveCfg = Release|Any CPU
		{D9E0CC33-6DFA-4ADD-916C-31746E31FD99}.Release|Any CPU.Build.0 = Release|Any CPU
		{89B6AFFE-E471-467A-B9D2-DA7E7886321F}.Debug|Any CPU.ActiveCfg = Debug|Any CPU
		{89B6AFFE-E471-467A-B9D2-DA7E7886321F}.Debug|Any CPU.Build.0 = Debug|Any CPU
		{89B6AFFE-E471-467A-B9D2-DA7E7886321F}.Release|Any CPU.ActiveCfg = Release|Any CPU
		{89B6AFFE-E471-467A-B9D2-DA7E7886321F}.Release|Any CPU.Build.0 = Release|Any CPU
		{C7B2D93F-160D-428A-9C9D-A80B5D1CD863}.Debug|Any CPU.ActiveCfg = Debug|Any CPU
		{C7B2D93F-160D-428A-9C9D-A80B5D1CD863}.Debug|Any CPU.Build.0 = Debug|Any CPU
		{C7B2D93F-160D-428A-9C9D-A80B5D1CD863}.Release|Any CPU.ActiveCfg = Release|Any CPU
		{C7B2D93F-160D-428A-9C9D-A80B5D1CD863}.Release|Any CPU.Build.0 = Release|Any CPU
		{B29DE5B5-C5A3-4075-BAE5-3B390E85ADA8}.Debug|Any CPU.ActiveCfg = Debug|Any CPU
		{B29DE5B5-C5A3-4075-BAE5-3B390E85ADA8}.Debug|Any CPU.Build.0 = Debug|Any CPU
		{B29DE5B5-C5A3-4075-BAE5-3B390E85ADA8}.Release|Any CPU.ActiveCfg = Release|Any CPU
		{B29DE5B5-C5A3-4075-BAE5-3B390E85ADA8}.Release|Any CPU.Build.0 = Release|Any CPU
	EndGlobalSection
	GlobalSection(SolutionProperties) = preSolution
		HideSolutionNode = FALSE
	EndGlobalSection
	GlobalSection(NestedProjects) = preSolution
		{5584D9D2-1144-4BC9-A14C-0E91C5A2AB4F} = {C4EA44A3-1D09-42BD-8FF3-23A0CED7F4B2}
		{B42641F3-99DC-44A5-9227-B19879181BFC} = {C4EA44A3-1D09-42BD-8FF3-23A0CED7F4B2}
		{2BB6237E-0C2F-42C8-9300-CDF2F4BBCFA2} = {C4EA44A3-1D09-42BD-8FF3-23A0CED7F4B2}
		{350EB037-B39C-4436-AE86-D8908F210D8E} = {C4EA44A3-1D09-42BD-8FF3-23A0CED7F4B2}
		{176D771C-A068-4C24-97B4-FF6F76C59106} = {B42641F3-99DC-44A5-9227-B19879181BFC}
		{CEA10702-C8BA-46CC-A21B-2FE1C6393F07} = {176D771C-A068-4C24-97B4-FF6F76C59106}
		{B50442BE-F7B2-4EBD-BA5A-77426185B356} = {5584D9D2-1144-4BC9-A14C-0E91C5A2AB4F}
		{36E6F8D8-80EF-4AC0-A412-7A68B0736287} = {B50442BE-F7B2-4EBD-BA5A-77426185B356}
		{4CE1F487-853C-49B0-9FE1-D7F7E37874A9} = {B42641F3-99DC-44A5-9227-B19879181BFC}
		{B77E9A44-4F96-4A9C-A04A-3BA5FC28F58B} = {4CE1F487-853C-49B0-9FE1-D7F7E37874A9}
		{DB61367D-EBA6-4916-B676-3AF8B8029769} = {4CE1F487-853C-49B0-9FE1-D7F7E37874A9}
		{942541B2-3070-47B1-B86D-7E893FCD6E6B} = {DB61367D-EBA6-4916-B676-3AF8B8029769}
		{B6ADAF3F-FE57-489C-ADFA-F43C03EEBA61} = {5584D9D2-1144-4BC9-A14C-0E91C5A2AB4F}
		{BAAFB8D0-6E5B-4E99-8B26-FC23E6894BE1} = {B6ADAF3F-FE57-489C-ADFA-F43C03EEBA61}
		{F49D27AA-2643-4D97-8CAB-7E822BC2CA27} = {2BB6237E-0C2F-42C8-9300-CDF2F4BBCFA2}
		{288C07E3-F7EA-4F53-876E-DDC0DA6F24EB} = {F49D27AA-2643-4D97-8CAB-7E822BC2CA27}
		{5A90D0CF-6F21-4C87-BC8A-8A962AC1DB85} = {350EB037-B39C-4436-AE86-D8908F210D8E}
		{73FCE7DF-8CF3-4899-9530-91A902873E34} = {5A90D0CF-6F21-4C87-BC8A-8A962AC1DB85}
		{BBC4E24D-57C2-4C92-BB0F-8D16DA056544} = {350EB037-B39C-4436-AE86-D8908F210D8E}
		{B26FDA65-2564-44C5-89E1-CE058283DC18} = {BBC4E24D-57C2-4C92-BB0F-8D16DA056544}
		{3A98695B-DD3F-4F32-B053-BF5CF5971E72} = {350EB037-B39C-4436-AE86-D8908F210D8E}
		{C759A5D9-E4D6-4E5D-8105-E67620DBD592} = {3A98695B-DD3F-4F32-B053-BF5CF5971E72}
		{13664F2D-1E58-4565-8A32-C52ADBEBD9E6} = {350EB037-B39C-4436-AE86-D8908F210D8E}
		{AF5E890D-DAB0-47C3-BB82-11365B0C23A1} = {13664F2D-1E58-4565-8A32-C52ADBEBD9E6}
		{F48649EE-D181-4508-BB00-E8F9860EDBE4} = {350EB037-B39C-4436-AE86-D8908F210D8E}
		{14E7D465-A688-4CF2-8FDD-FC06F468DA2A} = {F48649EE-D181-4508-BB00-E8F9860EDBE4}
		{E2C44321-889A-4E13-AF83-DDA5E7B7ABBF} = {350EB037-B39C-4436-AE86-D8908F210D8E}
		{54851E02-D9FF-41C0-8A38-16965D5E27FE} = {E2C44321-889A-4E13-AF83-DDA5E7B7ABBF}
		{F3E7708F-5732-4139-8509-ADB8D80BC690} = {350EB037-B39C-4436-AE86-D8908F210D8E}
		{FA78BD01-3C95-4AF9-A909-D1D7121E72A0} = {F3E7708F-5732-4139-8509-ADB8D80BC690}
		{91A85E92-3139-4627-959F-26B98688A4BD} = {350EB037-B39C-4436-AE86-D8908F210D8E}
		{F542775B-9CEC-4B78-882C-1525391A16EF} = {91A85E92-3139-4627-959F-26B98688A4BD}
		{11C9316D-3DFD-475A-A744-9C0E84D07A9B} = {350EB037-B39C-4436-AE86-D8908F210D8E}
		{36C63DB8-1BE9-4D14-9260-6047C86512FB} = {11C9316D-3DFD-475A-A744-9C0E84D07A9B}
		{0B2E65E8-8835-4F87-892B-E2EB41582C9D} = {B42641F3-99DC-44A5-9227-B19879181BFC}
		{12BE3260-C47B-452B-BDF8-3E85308DAC36} = {0B2E65E8-8835-4F87-892B-E2EB41582C9D}
		{CD374281-B1CF-41B0-B836-7E35A56CE120} = {350EB037-B39C-4436-AE86-D8908F210D8E}
		{6D3F5219-1E75-4DE4-BD24-9B56FB9B736E} = {350EB037-B39C-4436-AE86-D8908F210D8E}
		{58EE73C9-BB8A-4E16-8114-E1B8B4381347} = {CD374281-B1CF-41B0-B836-7E35A56CE120}
		{D03C4448-F560-4393-9644-CD60CDF6968C} = {6D3F5219-1E75-4DE4-BD24-9B56FB9B736E}
		{8FAB1B7A-41D1-476A-A7D8-B4F0CA3BE445} = {5584D9D2-1144-4BC9-A14C-0E91C5A2AB4F}
		{CE829BFF-461B-4B7D-ACFA-B98BEDD006C6} = {8FAB1B7A-41D1-476A-A7D8-B4F0CA3BE445}
		{CCBBD764-36DC-4BEE-9925-9D8000F84674} = {C4EA44A3-1D09-42BD-8FF3-23A0CED7F4B2}
		{94E89A99-1B9E-4C29-8848-B6EDC65F991A} = {CCBBD764-36DC-4BEE-9925-9D8000F84674}
		{D806CF2E-7103-4950-95A6-ABF7C20DB060} = {94E89A99-1B9E-4C29-8848-B6EDC65F991A}
		{20233E31-7F1B-4110-ADB0-2F8DDAB3DDD0} = {C4EA44A3-1D09-42BD-8FF3-23A0CED7F4B2}
		{697BBC7C-5401-475B-8419-1BB676E7ED2B} = {20233E31-7F1B-4110-ADB0-2F8DDAB3DDD0}
		{2492E2A3-1A90-4E9D-B10F-96F3B6196440} = {5584D9D2-1144-4BC9-A14C-0E91C5A2AB4F}
		{D9E0CC33-6DFA-4ADD-916C-31746E31FD99} = {2492E2A3-1A90-4E9D-B10F-96F3B6196440}
		{50DA6EC4-1D3E-4A96-9478-D9A185543A91} = {5584D9D2-1144-4BC9-A14C-0E91C5A2AB4F}
		{89B6AFFE-E471-467A-B9D2-DA7E7886321F} = {50DA6EC4-1D3E-4A96-9478-D9A185543A91}
		{C7B2D93F-160D-428A-9C9D-A80B5D1CD863} = {B1786210-6316-4E77-BBF4-E89ECE22A7B9}
		{B29DE5B5-C5A3-4075-BAE5-3B390E85ADA8} = {B1786210-6316-4E77-BBF4-E89ECE22A7B9}
	EndGlobalSection
	GlobalSection(ExtensibilityGlobals) = postSolution
		SolutionGuid = {B23F84D4-8588-4E25-9210-BFEAE0C396B8}
	EndGlobalSection
EndGlobal
